{
  "requires": true,
  "lockfileVersion": 1,
  "dependencies": {
    "fontawesome-pro": {
      "version": "1.0.0",
      "resolved": "https://registry.npmjs.org/fontawesome-pro/-/fontawesome-pro-1.0.0.tgz",
      "integrity": "sha512-ysAngA5B1Ea2gf46iYn4+LuulBxTHV0eVT2foRbedzAN6hLg72FQw4RU9klPhc3g6ACV9BJ5aNhEMD8+iqvrUA=="
    },
    "pretty-checkbox": {
      "version": "3.0.3",
      "resolved": "https://registry.npmjs.org/pretty-checkbox/-/pretty-checkbox-3.0.3.tgz",
      "integrity": "sha1-1JyAE6j8CO4MLW695FNGS/28Qo4="
    }
  }
}
